
Microsoft Visual Studio Solution File, Format Version 12.00
# Visual Studio 15
VisualStudioVersion = 15.0.27130.2020
MinimumVisualStudioVersion = 10.0.40219.1
Project("{FAE04EC0-301F-11D3-BF4B-00C04F79EFBC}") = "FlaggenQuiz", "FlaggenQuiz\FlaggenQuiz.csproj", "{F463E918-4E22-4D9A-8D43-10EC4FFED38B}"
EndProject
Global
	GlobalSection(SolutionConfigurationPlatforms) = preSolution
		Debug|Any CPU = Debug|Any CPU
		Release|Any CPU = Release|Any CPU
	EndGlobalSection
	GlobalSection(ProjectConfigurationPlatforms) = postSolution
		{F463E918-4E22-4D9A-8D43-10EC4FFED38B}.Debug|Any CPU.ActiveCfg = Debug|Any CPU
		{F463E918-4E22-4D9A-8D43-10EC4FFED38B}.Debug|Any CPU.Build.0 = Debug|Any CPU
		{F463E918-4E22-4D9A-8D43-10EC4FFED38B}.Release|Any CPU.ActiveCfg = Release|Any CPU
		{F463E918-4E22-4D9A-8D43-10EC4FFED38B}.Release|Any CPU.Build.0 = Release|Any CPU
	EndGlobalSection
	GlobalSection(SolutionProperties) = preSolution
		HideSolutionNode = FALSE
	EndGlobalSection
	GlobalSection(ExtensibilityGlobals) = postSolution
		SolutionGuid = {5FE9E1FE-280B-43BA-8241-E8FC623FF2E3}
	EndGlobalSection
EndGlobal
